
Microsoft Visual Studio Solution File, Format Version 12.00
# Visual Studio Version 17
VisualStudioVersion = 17.10.35013.160
MinimumVisualStudioVersion = 10.0.40219.1
Project("{FAE04EC0-301F-11D3-BF4B-00C04F79EFBC}") = "ExampleGraphQL", "ExampleGraphQL\ExampleGraphQL.csproj", "{8291A2E2-CE33-4905-81C9-84C81E4F08B3}"
EndProject
Global
	GlobalSection(SolutionConfigurationPlatforms) = preSolution
		Debug|Any CPU = Debug|Any CPU
		Release|Any CPU = Release|Any CPU
	EndGlobalSection
	GlobalSection(ProjectConfigurationPlatforms) = postSolution
		{8291A2E2-CE33-4905-81C9-84C81E4F08B3}.Debug|Any CPU.ActiveCfg = Debug|Any CPU
		{8291A2E2-CE33-4905-81C9-84C81E4F08B3}.Debug|Any CPU.Build.0 = Debug|Any CPU
		{8291A2E2-CE33-4905-81C9-84C81E4F08B3}.Release|Any CPU.ActiveCfg = Release|Any CPU
		{8291A2E2-CE33-4905-81C9-84C81E4F08B3}.Release|Any CPU.Build.0 = Release|Any CPU
	EndGlobalSection
	GlobalSection(SolutionProperties) = preSolution
		HideSolutionNode = FALSE
	EndGlobalSection
	GlobalSection(ExtensibilityGlobals) = postSolution
		SolutionGuid = {87C856FA-5DF4-4FE0-A128-CA90A8084056}
	EndGlobalSection
EndGlobal
